
Microsoft Visual Studio Solution File, Format Version 12.00
# Visual Studio Version 17
VisualStudioVersion = 17.9.34622.214
MinimumVisualStudioVersion = 10.0.40219.1
Project("{FAE04EC0-301F-11D3-BF4B-00C04F79EFBC}") = "MaterialColorToLayerColor", "MaterialColorToLayerColor.csproj", "{BA76983B-1746-4063-8047-E3348AE898AB}"
EndProject
Global
	GlobalSection(SolutionConfigurationPlatforms) = preSolution
		Debug|Any CPU = Debug|Any CPU
		Release|Any CPU = Release|Any CPU
	EndGlobalSection
	GlobalSection(ProjectConfigurationPlatforms) = postSolution
		{BA76983B-1746-4063-8047-E3348AE898AB}.Debug|Any CPU.ActiveCfg = Debug|Any CPU
		{BA76983B-1746-4063-8047-E3348AE898AB}.Debug|Any CPU.Build.0 = Debug|Any CPU
		{BA76983B-1746-4063-8047-E3348AE898AB}.Release|Any CPU.ActiveCfg = Release|Any CPU
		{BA76983B-1746-4063-8047-E3348AE898AB}.Release|Any CPU.Build.0 = Release|Any CPU
	EndGlobalSection
	GlobalSection(SolutionProperties) = preSolution
		HideSolutionNode = FALSE
	EndGlobalSection
	GlobalSection(ExtensibilityGlobals) = postSolution
		SolutionGuid = {AACD4EDF-1120-41A2-B52D-7BF3A355B598}
	EndGlobalSection
EndGlobal
